<?xml version="1.0" encoding="utf-8"?>
<Project ToolsVersion="4.0" xmlns="http://schemas.microsoft.com/developer/msbuild/2003">
  <ItemGroup>
    <Filter Include="CoreGame">
      <UniqueIdentifier>{a3a4b3d4-1eed-4378-8428-17cef98f8fde}</UniqueIdentifier>
    </Filter>
    <Filter Include="Graphics">
      <UniqueIdentifier>{b1bf73c9-08a0-4fe7-a6c5-10815c5c7205}</UniqueIdentifier>
    </Filter>
    <Filter Include="Scenes">
      <UniqueIdentifier>{b3fd78cc-d76a-4508-9bc3-01cfd136bcab}</UniqueIdentifier>
    </Filter>
    <Filter Include="Input">
      <UniqueIdentifier>{c1a45ab2-2f83-4ac3-b10a-66c15acbb19d}</UniqueIdentifier>
    </Filter>
    <Filter Include="Entities">
      <UniqueIdentifier>{0a55a075-6db8-4a1d-aeba-278cfe29c272}</UniqueIdentifier>
    </Filter>
    <Filter Include="Physics">
      <UniqueIdentifier>{394c121d-a416-4cc1-8083-d4cbe3e7e38e}</UniqueIdentifier>
    </Filter>
    <Filter Include="GameData">
      <UniqueIdentifier>{3706caf5-5a41-4109-bc45-f10bc3be8820}</UniqueIdentifier>
    </Filter>
    <Filter Include="Resources">
      <UniqueIdentifier>{f3ecf656-2cae-4ab8-8dae-22e912964ef2}</UniqueIdentifier>
    </Filter>
    <Filter Include="Maps">
      <UniqueIdentifier>{d24973f5-c708-465c-92f6-6b52f6e63fe9}</UniqueIdentifier>
    </Filter>
  </ItemGroup>
  <ItemGroup>
    <None Include="packages.config" />
  </ItemGroup>
  <ItemGroup>
    <ClCompile Include="Game.cpp">
      <Filter>CoreGame</Filter>
    </ClCompile>
    <ClCompile Include="debug.cpp">
      <Filter>CoreGame</Filter>
    </ClCompile>
    <ClCompile Include="Utils.cpp">
      <Filter>CoreGame</Filter>
    </ClCompile>
    <ClCompile Include="Animation.cpp">
      <Filter>Graphics</Filter>
    </ClCompile>
    <ClCompile Include="Animations.cpp">
      <Filter>Graphics</Filter>
    </ClCompile>
    <ClCompile Include="Textures.cpp">
      <Filter>Graphics</Filter>
    </ClCompile>
    <ClCompile Include="Sprites.cpp">
      <Filter>Graphics</Filter>
    </ClCompile>
    <ClCompile Include="Sprite.cpp">
      <Filter>Graphics</Filter>
    </ClCompile>
    <ClCompile Include="PlayScene.cpp">
      <Filter>Scenes</Filter>
    </ClCompile>
    <ClCompile Include="Scence.cpp">
      <Filter>Scenes</Filter>
    </ClCompile>
    <ClCompile Include="SampleKeyEventHandler.cpp">
      <Filter>Input</Filter>
    </ClCompile>
    <ClCompile Include="Brick.cpp">
      <Filter>Entities</Filter>
    </ClCompile>
    <ClCompile Include="Coin.cpp">
      <Filter>Entities</Filter>
    </ClCompile>
    <ClCompile Include="Goomba.cpp">
      <Filter>Entities</Filter>
    </ClCompile>
    <ClCompile Include="Mario.cpp">
      <Filter>Entities</Filter>
    </ClCompile>
    <ClCompile Include="Platform.cpp">
      <Filter>Entities</Filter>
    </ClCompile>
    <ClCompile Include="Portal.cpp">
      <Filter>Entities</Filter>
    </ClCompile>
    <ClCompile Include="Collision.cpp">
      <Filter>Physics</Filter>
    </ClCompile>
    <ClCompile Include="GameObject.cpp">
      <Filter>CoreGame</Filter>
    </ClCompile>
    <ClCompile Include="main.cpp" />
    <ClCompile Include="GameGlobal.cpp">
      <Filter>CoreGame</Filter>
    </ClCompile>
    <ClCompile Include="SceneManager.cpp">
      <Filter>CoreGame</Filter>
    </ClCompile>
    <ClCompile Include="InputManager.cpp">
      <Filter>CoreGame</Filter>
    </ClCompile>
  </ItemGroup>
  <ItemGroup>
    <ClInclude Include="Utils.h">
      <Filter>CoreGame</Filter>
    </ClInclude>
    <ClInclude Include="debug.h">
      <Filter>CoreGame</Filter>
    </ClInclude>
    <ClInclude Include="Game.h">
      <Filter>CoreGame</Filter>
    </ClInclude>
    <ClInclude Include="Animation.h">
      <Filter>Graphics</Filter>
    </ClInclude>
    <ClInclude Include="AnimationFrame.h">
      <Filter>Graphics</Filter>
    </ClInclude>
    <ClInclude Include="Animations.h">
      <Filter>Graphics</Filter>
    </ClInclude>
    <ClInclude Include="Sprite.h">
      <Filter>Graphics</Filter>
    </ClInclude>
    <ClInclude Include="Sprites.h">
      <Filter>Graphics</Filter>
    </ClInclude>
    <ClInclude Include="Texture.h">
      <Filter>Graphics</Filter>
    </ClInclude>
    <ClInclude Include="Textures.h">
      <Filter>Graphics</Filter>
    </ClInclude>
    <ClInclude Include="Scene.h">
      <Filter>Scenes</Filter>
    </ClInclude>
    <ClInclude Include="PlayScene.h">
      <Filter>Scenes</Filter>
    </ClInclude>
    <ClInclude Include="SampleKeyEventHandler.h">
      <Filter>Input</Filter>
    </ClInclude>
    <ClInclude Include="Brick.h">
      <Filter>Entities</Filter>
    </ClInclude>
    <ClInclude Include="Coin.h">
      <Filter>Entities</Filter>
    </ClInclude>
    <ClInclude Include="Goomba.h">
      <Filter>Entities</Filter>
    </ClInclude>
    <ClInclude Include="Mario.h">
      <Filter>Entities</Filter>
    </ClInclude>
    <ClInclude Include="Portal.h">
      <Filter>Entities</Filter>
    </ClInclude>
    <ClInclude Include="Platform.h">
      <Filter>Entities</Filter>
    </ClInclude>
    <ClInclude Include="KeyEventHandler.h">
      <Filter>Input</Filter>
    </ClInclude>
    <ClInclude Include="Collision.h">
      <Filter>Physics</Filter>
    </ClInclude>
    <ClInclude Include="GameObject.h">
      <Filter>CoreGame</Filter>
    </ClInclude>
    <ClInclude Include="SceneKeyHandler.h">
      <Filter>Input</Filter>
    </ClInclude>
    <ClInclude Include="AssetIDs.h">
      <Filter>GameData</Filter>
    </ClInclude>
    <ClInclude Include="GameGlobal.h">
      <Filter>CoreGame</Filter>
    </ClInclude>
    <ClInclude Include="InputManager.h">
      <Filter>CoreGame</Filter>
    </ClInclude>
    <ClInclude Include="Camera.h">
      <Filter>CoreGame</Filter>
    </ClInclude>
    <ClInclude Include="SceneManager.h">
      <Filter>CoreGame</Filter>
    </ClInclude>
    <ClInclude Include="Singleton.h">
      <Filter>CoreGame</Filter>
    </ClInclude>
  </ItemGroup>
  <ItemGroup>
    <Text Include="brick.txt">
      <Filter>GameData</Filter>
    </Text>
    <Text Include="cloud.txt">
      <Filter>GameData</Filter>
    </Text>
    <Text Include="coin.txt">
      <Filter>GameData</Filter>
    </Text>
    <Text Include="goomba.txt">
      <Filter>GameData</Filter>
    </Text>
    <Text Include="mario.txt">
      <Filter>GameData</Filter>
    </Text>
    <Text Include="scene01.txt">
      <Filter>Maps</Filter>
    </Text>
    <Text Include="scene02.txt">
      <Filter>Maps</Filter>
    </Text>
    <Text Include="scene0005.txt">
      <Filter>Maps</Filter>
    </Text>
    <Text Include="mario-sample.txt">
      <Filter>Scenes</Filter>
    </Text>
  </ItemGroup>
  <ItemGroup>
    <Image Include="textures\bbox.png">
      <Filter>Resources</Filter>
    </Image>
    <Image Include="textures\enemies.png">
      <Filter>Resources</Filter>
    </Image>
    <Image Include="textures\mario.png">
      <Filter>Resources</Filter>
    </Image>
    <Image Include="mario.ico">
      <Filter>Resources</Filter>
    </Image>
    <Image Include="textures\misc.png">
      <Filter>Resources</Filter>
    </Image>
  </ItemGroup>
</Project>