<?xml version="1.0" encoding="utf-8"?>
<Project ToolsVersion="4.0" xmlns="http://schemas.microsoft.com/developer/msbuild/2003">
  <ItemGroup>
    <Filter Include="CoreGame">
      <UniqueIdentifier>{a3a4b3d4-1eed-4378-8428-17cef98f8fde}</UniqueIdentifier>
    </Filter>
    <Filter Include="Graphics">
      <UniqueIdentifier>{b1bf73c9-08a0-4fe7-a6c5-10815c5c7205}</UniqueIdentifier>
    </Filter>
    <Filter Include="Scenes">
      <UniqueIdentifier>{b3fd78cc-d76a-4508-9bc3-01cfd136bcab}</UniqueIdentifier>
    </Filter>
    <Filter Include="Entities">
      <UniqueIdentifier>{0a55a075-6db8-4a1d-aeba-278cfe29c272}</UniqueIdentifier>
    </Filter>
    <Filter Include="Physics">
      <UniqueIdentifier>{394c121d-a416-4cc1-8083-d4cbe3e7e38e}</UniqueIdentifier>
    </Filter>
    <Filter Include="Resources">
      <UniqueIdentifier>{f3ecf656-2cae-4ab8-8dae-22e912964ef2}</UniqueIdentifier>
    </Filter>
    <Filter Include="CoreGame\Cores">
      <UniqueIdentifier>{7e16e561-9f91-4a20-8a77-3f4963294c24}</UniqueIdentifier>
    </Filter>
    <Filter Include="CoreGame\Managers">
      <UniqueIdentifier>{da2aa1ee-4030-4bdd-8635-55837ea643b3}</UniqueIdentifier>
    </Filter>
    <Filter Include="CoreGame\Utils">
      <UniqueIdentifier>{6ad017b4-321f-4719-8ec7-efa56752d919}</UniqueIdentifier>
    </Filter>
    <Filter Include="Assets">
      <UniqueIdentifier>{3706caf5-5a41-4109-bc45-f10bc3be8820}</UniqueIdentifier>
    </Filter>
    <Filter Include="Entities\Items">
      <UniqueIdentifier>{ddf04ea3-f2c6-4535-a723-e42f10af9d1c}</UniqueIdentifier>
    </Filter>
    <Filter Include="Entities\StageMaps">
      <UniqueIdentifier>{d35644ea-ffcb-4b4b-a693-376b93e3cefe}</UniqueIdentifier>
    </Filter>
    <Filter Include="Entities\Enemies">
      <UniqueIdentifier>{ef9d83b2-7d03-4094-bd98-e64c64f89067}</UniqueIdentifier>
    </Filter>
    <Filter Include="Entities\Platforms">
      <UniqueIdentifier>{6a48acba-b8bd-4215-a3cb-99f1f7caaab4}</UniqueIdentifier>
    </Filter>
    <Filter Include="Entities\Blocks">
      <UniqueIdentifier>{44de4162-5f32-417c-8361-0b14508a70e9}</UniqueIdentifier>
    </Filter>
    <Filter Include="Entities\Effects">
      <UniqueIdentifier>{2dd82a35-ce79-481c-8c54-9e242ac5af03}</UniqueIdentifier>
    </Filter>
    <Filter Include="Scenes\KeyHandler">
      <UniqueIdentifier>{c1a45ab2-2f83-4ac3-b10a-66c15acbb19d}</UniqueIdentifier>
    </Filter>
    <Filter Include="Scenes\Playscene">
      <UniqueIdentifier>{d24973f5-c708-465c-92f6-6b52f6e63fe9}</UniqueIdentifier>
    </Filter>
    <Filter Include="Scenes\WorldScene">
      <UniqueIdentifier>{e41e294c-df0d-4703-b285-ea03035b3d56}</UniqueIdentifier>
    </Filter>
    <Filter Include="Entities\WorldMaps">
      <UniqueIdentifier>{4952307e-d1de-45b2-961e-4c01c16e4568}</UniqueIdentifier>
    </Filter>
    <Filter Include="Assets\Header">
      <UniqueIdentifier>{c5ed1505-4d05-40ed-b07d-3c27b1be484a}</UniqueIdentifier>
    </Filter>
    <Filter Include="Resources\Textures">
      <UniqueIdentifier>{7f7998f2-9743-43cc-ba8d-c663a20e4c12}</UniqueIdentifier>
    </Filter>
    <Filter Include="Resources\Sounds">
      <UniqueIdentifier>{ba1939f6-f711-45cc-9ec2-034e3b0a4091}</UniqueIdentifier>
    </Filter>
    <Filter Include="Resources\Sounds\irrKlang">
      <UniqueIdentifier>{19bbaa1b-2f37-41b3-a36c-ccd7ec651abc}</UniqueIdentifier>
    </Filter>
  </ItemGroup>
  <ItemGroup>
    <None Include="packages.config" />
    <None Include="GameObjectDocument.md" />
    <None Include="Dependencies\irrKlang\bin\ikpFlac.dll">
      <Filter>Resources\Sounds\irrKlang</Filter>
    </None>
    <None Include="Dependencies\irrKlang\bin\ikpMP3.dll">
      <Filter>Resources\Sounds\irrKlang</Filter>
    </None>
    <None Include="irrKlang.dll">
      <Filter>Resources\Sounds\irrKlang</Filter>
    </None>
  </ItemGroup>
  <ItemGroup>
    <ClCompile Include="Animation.cpp">
      <Filter>Graphics</Filter>
    </ClCompile>
    <ClCompile Include="Animations.cpp">
      <Filter>Graphics</Filter>
    </ClCompile>
    <ClCompile Include="Textures.cpp">
      <Filter>Graphics</Filter>
    </ClCompile>
    <ClCompile Include="Sprites.cpp">
      <Filter>Graphics</Filter>
    </ClCompile>
    <ClCompile Include="Sprite.cpp">
      <Filter>Graphics</Filter>
    </ClCompile>
    <ClCompile Include="Mario.cpp">
      <Filter>Entities</Filter>
    </ClCompile>
    <ClCompile Include="Collision.cpp">
      <Filter>Physics</Filter>
    </ClCompile>
    <ClCompile Include="main.cpp" />
    <ClCompile Include="PlaySceneKeyHandler.cpp">
      <Filter>Scenes\KeyHandler</Filter>
    </ClCompile>
    <ClCompile Include="InputManager.cpp">
      <Filter>CoreGame\Managers</Filter>
    </ClCompile>
    <ClCompile Include="SceneManager.cpp">
      <Filter>CoreGame\Managers</Filter>
    </ClCompile>
    <ClCompile Include="Game.cpp">
      <Filter>CoreGame\Cores</Filter>
    </ClCompile>
    <ClCompile Include="GameGlobal.cpp">
      <Filter>CoreGame\Cores</Filter>
    </ClCompile>
    <ClCompile Include="GameObject.cpp">
      <Filter>CoreGame\Cores</Filter>
    </ClCompile>
    <ClCompile Include="debug.cpp">
      <Filter>CoreGame\Utils</Filter>
    </ClCompile>
    <ClCompile Include="Utils.cpp">
      <Filter>CoreGame\Utils</Filter>
    </ClCompile>
    <ClCompile Include="Brick.cpp">
      <Filter>Entities\Blocks</Filter>
    </ClCompile>
    <ClCompile Include="Coin.cpp">
      <Filter>Entities\Items</Filter>
    </ClCompile>
    <ClCompile Include="Goomba.cpp">
      <Filter>Entities\Enemies</Filter>
    </ClCompile>
    <ClCompile Include="Platform.cpp">
      <Filter>Entities\Platforms</Filter>
    </ClCompile>
    <ClCompile Include="QuestionBlock.cpp">
      <Filter>Entities\Blocks</Filter>
    </ClCompile>
    <ClCompile Include="Ground.cpp">
      <Filter>Entities\StageMaps</Filter>
    </ClCompile>
    <ClCompile Include="Leaf.cpp">
      <Filter>Entities\Items</Filter>
    </ClCompile>
    <ClCompile Include="Mushroom.cpp">
      <Filter>Entities\Items</Filter>
    </ClCompile>
    <ClCompile Include="NineSliceBox.cpp">
      <Filter>Entities</Filter>
    </ClCompile>
    <ClCompile Include="VerticalPipe.cpp">
      <Filter>Entities\Blocks</Filter>
    </ClCompile>
    <ClCompile Include="SemisolidPlatform.cpp">
      <Filter>Entities\Platforms</Filter>
    </ClCompile>
    <ClCompile Include="Portal.cpp">
      <Filter>Entities\Items</Filter>
    </ClCompile>
    <ClCompile Include="HUD.cpp">
      <Filter>Scenes</Filter>
    </ClCompile>
    <ClCompile Include="Koopa.cpp">
      <Filter>Entities\Enemies</Filter>
    </ClCompile>
    <ClCompile Include="ScoreEffect.cpp">
      <Filter>Entities\Effects</Filter>
    </ClCompile>
    <ClCompile Include="SolidBlock.cpp">
      <Filter>Entities\Blocks</Filter>
    </ClCompile>
    <ClCompile Include="Decoration.cpp">
      <Filter>Entities\StageMaps</Filter>
    </ClCompile>
    <ClCompile Include="BrickDebris.cpp">
      <Filter>Entities\Effects</Filter>
    </ClCompile>
    <ClCompile Include="GameManager.cpp">
      <Filter>CoreGame\Managers</Filter>
    </ClCompile>
    <ClCompile Include="WorldSceneKeyHandler.cpp">
      <Filter>Scenes\KeyHandler</Filter>
    </ClCompile>
    <ClCompile Include="PlayScene.cpp">
      <Filter>Scenes\Playscene</Filter>
    </ClCompile>
    <ClCompile Include="WorldScene.cpp">
      <Filter>Scenes\WorldScene</Filter>
    </ClCompile>
    <ClCompile Include="MapBackground.cpp">
      <Filter>Entities\WorldMaps</Filter>
    </ClCompile>
    <ClCompile Include="InvisibleNode.cpp">
      <Filter>Entities\WorldMaps</Filter>
    </ClCompile>
    <ClCompile Include="MapNode.cpp">
      <Filter>Entities\WorldMaps</Filter>
    </ClCompile>
    <ClCompile Include="StageNode.cpp">
      <Filter>Entities\WorldMaps</Filter>
    </ClCompile>
    <ClCompile Include="WorldMapObject.cpp">
      <Filter>Entities\WorldMaps</Filter>
    </ClCompile>
    <ClCompile Include="MapMario.cpp">
      <Filter>Entities\WorldMaps</Filter>
    </ClCompile>
    <ClCompile Include="OneUpMushroom.cpp">
      <Filter>Entities\Items</Filter>
    </ClCompile>
    <ClCompile Include="Slope.cpp">
      <Filter>Entities\Blocks</Filter>
    </ClCompile>
    <ClCompile Include="Scene.cpp">
      <Filter>Scenes</Filter>
    </ClCompile>
    <ClCompile Include="SoundManager.cpp">
      <Filter>CoreGame\Managers</Filter>
    </ClCompile>
    <ClCompile Include="GoalBlock.cpp">
      <Filter>Entities\Blocks</Filter>
    </ClCompile>
    <ClCompile Include="OneUpEffect.cpp">
      <Filter>Entities\Effects</Filter>
    </ClCompile>
    <ClCompile Include="Switch.cpp">
      <Filter>Entities\Items</Filter>
    </ClCompile>
    <ClCompile Include="CourseClearEffect.cpp">
      <Filter>Entities\Effects</Filter>
    </ClCompile>
    <ClCompile Include="Fire.cpp">
      <Filter>Entities\Enemies</Filter>
    </ClCompile>
    <ClCompile Include="PiranhaPlant.cpp">
      <Filter>Entities\Enemies</Filter>
    </ClCompile>
    <ClCompile Include="NoteBlock.cpp">
      <Filter>Entities\Blocks</Filter>
    </ClCompile>
    <ClCompile Include="HorizontalPipe.cpp">
      <Filter>Entities\Blocks</Filter>
    </ClCompile>
    <ClCompile Include="KoopaTroopa.cpp">
      <Filter>Entities\Enemies</Filter>
    </ClCompile>
    <ClCompile Include="RespawnableEnemy.cpp">
      <Filter>Entities\Enemies</Filter>
    </ClCompile>
    <ClCompile Include="HitEffect.cpp">
      <Filter>Entities\Effects</Filter>
    </ClCompile>
    <ClCompile Include="BoomerangBro.cpp">
      <Filter>Entities\Enemies</Filter>
    </ClCompile>
    <ClCompile Include="Boomerang.cpp">
      <Filter>Entities\Enemies</Filter>
    </ClCompile>
  </ItemGroup>
  <ItemGroup>
    <ClInclude Include="Animation.h">
      <Filter>Graphics</Filter>
    </ClInclude>
    <ClInclude Include="AnimationFrame.h">
      <Filter>Graphics</Filter>
    </ClInclude>
    <ClInclude Include="Animations.h">
      <Filter>Graphics</Filter>
    </ClInclude>
    <ClInclude Include="Sprite.h">
      <Filter>Graphics</Filter>
    </ClInclude>
    <ClInclude Include="Sprites.h">
      <Filter>Graphics</Filter>
    </ClInclude>
    <ClInclude Include="Texture.h">
      <Filter>Graphics</Filter>
    </ClInclude>
    <ClInclude Include="Textures.h">
      <Filter>Graphics</Filter>
    </ClInclude>
    <ClInclude Include="Scene.h">
      <Filter>Scenes</Filter>
    </ClInclude>
    <ClInclude Include="Mario.h">
      <Filter>Entities</Filter>
    </ClInclude>
    <ClInclude Include="KeyEventHandler.h">
      <Filter>Scenes\KeyHandler</Filter>
    </ClInclude>
    <ClInclude Include="Collision.h">
      <Filter>Physics</Filter>
    </ClInclude>
    <ClInclude Include="SceneKeyHandler.h">
      <Filter>Scenes\KeyHandler</Filter>
    </ClInclude>
    <ClInclude Include="PlaySceneKeyHandler.h">
      <Filter>Scenes\KeyHandler</Filter>
    </ClInclude>
    <ClInclude Include="Camera.h">
      <Filter>CoreGame\Managers</Filter>
    </ClInclude>
    <ClInclude Include="SceneManager.h">
      <Filter>CoreGame\Managers</Filter>
    </ClInclude>
    <ClInclude Include="InputManager.h">
      <Filter>CoreGame\Managers</Filter>
    </ClInclude>
    <ClInclude Include="Game.h">
      <Filter>CoreGame\Cores</Filter>
    </ClInclude>
    <ClInclude Include="GameGlobal.h">
      <Filter>CoreGame\Cores</Filter>
    </ClInclude>
    <ClInclude Include="GameObject.h">
      <Filter>CoreGame\Cores</Filter>
    </ClInclude>
    <ClInclude Include="debug.h">
      <Filter>CoreGame\Utils</Filter>
    </ClInclude>
    <ClInclude Include="Singleton.h">
      <Filter>CoreGame\Utils</Filter>
    </ClInclude>
    <ClInclude Include="Utils.h">
      <Filter>CoreGame\Utils</Filter>
    </ClInclude>
    <ClInclude Include="Brick.h">
      <Filter>Entities\Blocks</Filter>
    </ClInclude>
    <ClInclude Include="Coin.h">
      <Filter>Entities\Items</Filter>
    </ClInclude>
    <ClInclude Include="Goomba.h">
      <Filter>Entities\Enemies</Filter>
    </ClInclude>
    <ClInclude Include="Platform.h">
      <Filter>Entities\Platforms</Filter>
    </ClInclude>
    <ClInclude Include="QuestionBlock.h">
      <Filter>Entities\Blocks</Filter>
    </ClInclude>
    <ClInclude Include="Ground.h">
      <Filter>Entities\StageMaps</Filter>
    </ClInclude>
    <ClInclude Include="Leaf.h">
      <Filter>Entities\Items</Filter>
    </ClInclude>
    <ClInclude Include="Mushroom.h">
      <Filter>Entities\Items</Filter>
    </ClInclude>
    <ClInclude Include="NineSliceBox.h">
      <Filter>Entities</Filter>
    </ClInclude>
    <ClInclude Include="VerticalPipe.h">
      <Filter>Entities\Blocks</Filter>
    </ClInclude>
    <ClInclude Include="SemisolidPlatform.h">
      <Filter>Entities\Platforms</Filter>
    </ClInclude>
    <ClInclude Include="Portal.h">
      <Filter>Entities\Items</Filter>
    </ClInclude>
    <ClInclude Include="HUD.h">
      <Filter>Scenes</Filter>
    </ClInclude>
    <ClInclude Include="Koopa.h">
      <Filter>Entities\Enemies</Filter>
    </ClInclude>
    <ClInclude Include="ScoreEffect.h">
      <Filter>Entities\Effects</Filter>
    </ClInclude>
    <ClInclude Include="SolidBlock.h">
      <Filter>Entities\Blocks</Filter>
    </ClInclude>
    <ClInclude Include="Decoration.h">
      <Filter>Entities\StageMaps</Filter>
    </ClInclude>
    <ClInclude Include="BrickDebris.h">
      <Filter>Entities\Effects</Filter>
    </ClInclude>
    <ClInclude Include="GameManager.h">
      <Filter>CoreGame\Managers</Filter>
    </ClInclude>
    <ClInclude Include="WorldSceneKeyHandler.h">
      <Filter>Scenes\KeyHandler</Filter>
    </ClInclude>
    <ClInclude Include="PlayScene.h">
      <Filter>Scenes\Playscene</Filter>
    </ClInclude>
    <ClInclude Include="WorldScene.h">
      <Filter>Scenes\WorldScene</Filter>
    </ClInclude>
    <ClInclude Include="MapBackground.h">
      <Filter>Entities\WorldMaps</Filter>
    </ClInclude>
    <ClInclude Include="StageNode.h">
      <Filter>Entities\WorldMaps</Filter>
    </ClInclude>
    <ClInclude Include="InvisibleNode.h">
      <Filter>Entities\WorldMaps</Filter>
    </ClInclude>
    <ClInclude Include="MapNode.h">
      <Filter>Entities\WorldMaps</Filter>
    </ClInclude>
    <ClInclude Include="WorldMapObject.h">
      <Filter>Entities\WorldMaps</Filter>
    </ClInclude>
    <ClInclude Include="MapMario.h">
      <Filter>Entities\WorldMaps</Filter>
    </ClInclude>
    <ClInclude Include="OneUpMushroom.h">
      <Filter>Entities\Items</Filter>
    </ClInclude>
    <ClInclude Include="Slope.h">
      <Filter>Entities\Blocks</Filter>
    </ClInclude>
    <ClInclude Include="AssetIDs.h">
      <Filter>Assets\Header</Filter>
    </ClInclude>
    <ClInclude Include="Core.h">
      <Filter>Assets\Header</Filter>
    </ClInclude>
    <ClInclude Include="Item.h">
      <Filter>Assets\Header</Filter>
    </ClInclude>
    <ClInclude Include="SoundManager.h">
      <Filter>CoreGame\Managers</Filter>
    </ClInclude>
    <ClInclude Include="Dependencies\irrKlang\include\ik_ESoundEngineOptions.h">
      <Filter>Resources\Sounds\irrKlang</Filter>
    </ClInclude>
    <ClInclude Include="Dependencies\irrKlang\include\ik_ESoundOutputDrivers.h">
      <Filter>Resources\Sounds\irrKlang</Filter>
    </ClInclude>
    <ClInclude Include="Dependencies\irrKlang\include\ik_EStreamModes.h">
      <Filter>Resources\Sounds\irrKlang</Filter>
    </ClInclude>
    <ClInclude Include="Dependencies\irrKlang\include\ik_IAudioRecorder.h">
      <Filter>Resources\Sounds\irrKlang</Filter>
    </ClInclude>
    <ClInclude Include="Dependencies\irrKlang\include\ik_IAudioStream.h">
      <Filter>Resources\Sounds\irrKlang</Filter>
    </ClInclude>
    <ClInclude Include="Dependencies\irrKlang\include\ik_IAudioStreamLoader.h">
      <Filter>Resources\Sounds\irrKlang</Filter>
    </ClInclude>
    <ClInclude Include="Dependencies\irrKlang\include\ik_IFileFactory.h">
      <Filter>Resources\Sounds\irrKlang</Filter>
    </ClInclude>
    <ClInclude Include="Dependencies\irrKlang\include\ik_IFileReader.h">
      <Filter>Resources\Sounds\irrKlang</Filter>
    </ClInclude>
    <ClInclude Include="Dependencies\irrKlang\include\ik_IRefCounted.h">
      <Filter>Resources\Sounds\irrKlang</Filter>
    </ClInclude>
    <ClInclude Include="Dependencies\irrKlang\include\ik_irrKlangTypes.h">
      <Filter>Resources\Sounds\irrKlang</Filter>
    </ClInclude>
    <ClInclude Include="Dependencies\irrKlang\include\ik_ISound.h">
      <Filter>Resources\Sounds\irrKlang</Filter>
    </ClInclude>
    <ClInclude Include="Dependencies\irrKlang\include\ik_ISoundDeviceList.h">
      <Filter>Resources\Sounds\irrKlang</Filter>
    </ClInclude>
    <ClInclude Include="Dependencies\irrKlang\include\ik_ISoundEffectControl.h">
      <Filter>Resources\Sounds\irrKlang</Filter>
    </ClInclude>
    <ClInclude Include="Dependencies\irrKlang\include\ik_ISoundEngine.h">
      <Filter>Resources\Sounds\irrKlang</Filter>
    </ClInclude>
    <ClInclude Include="Dependencies\irrKlang\include\ik_ISoundMixedOutputReceiver.h">
      <Filter>Resources\Sounds\irrKlang</Filter>
    </ClInclude>
    <ClInclude Include="Dependencies\irrKlang\include\ik_ISoundSource.h">
      <Filter>Resources\Sounds\irrKlang</Filter>
    </ClInclude>
    <ClInclude Include="Dependencies\irrKlang\include\ik_ISoundStopEventReceiver.h">
      <Filter>Resources\Sounds\irrKlang</Filter>
    </ClInclude>
    <ClInclude Include="Dependencies\irrKlang\include\ik_IVirtualRefCounted.h">
      <Filter>Resources\Sounds\irrKlang</Filter>
    </ClInclude>
    <ClInclude Include="Dependencies\irrKlang\include\ik_SAudioStreamFormat.h">
      <Filter>Resources\Sounds\irrKlang</Filter>
    </ClInclude>
    <ClInclude Include="Dependencies\irrKlang\include\ik_vec3d.h">
      <Filter>Resources\Sounds\irrKlang</Filter>
    </ClInclude>
    <ClInclude Include="Dependencies\irrKlang\include\irrKlang.h">
      <Filter>Resources\Sounds\irrKlang</Filter>
    </ClInclude>
    <ClInclude Include="Switch.h">
      <Filter>Entities\Items</Filter>
    </ClInclude>
    <ClInclude Include="CourseClearEffect.h">
      <Filter>Entities\Effects</Filter>
    </ClInclude>
    <ClInclude Include="OneUpEffect.h">
      <Filter>Entities\Effects</Filter>
    </ClInclude>
    <ClInclude Include="GoalBlock.h">
      <Filter>Entities\Blocks</Filter>
    </ClInclude>
    <ClInclude Include="Fire.h">
      <Filter>Entities\Enemies</Filter>
    </ClInclude>
    <ClInclude Include="PiranhaPlant.h">
      <Filter>Entities\Enemies</Filter>
    </ClInclude>
    <ClInclude Include="NoteBlock.h">
      <Filter>Entities\Blocks</Filter>
    </ClInclude>
    <ClInclude Include="HorizontalPipe.h">
      <Filter>Entities\Blocks</Filter>
    </ClInclude>
    <ClInclude Include="Sensor.h">
      <Filter>Entities\Enemies</Filter>
    </ClInclude>
    <ClInclude Include="KoopaTroopa.h">
      <Filter>Entities\Enemies</Filter>
    </ClInclude>
    <ClInclude Include="RespawnableEnemy.h">
      <Filter>Entities\Enemies</Filter>
    </ClInclude>
    <ClInclude Include="HitEffect.h">
      <Filter>Entities\Effects</Filter>
    </ClInclude>
    <ClInclude Include="BoomerangBro.h">
      <Filter>Entities\Enemies</Filter>
    </ClInclude>
    <ClInclude Include="Boomerang.h">
      <Filter>Entities\Enemies</Filter>
    </ClInclude>
  </ItemGroup>
  <ItemGroup>
    <Text Include="brick.txt">
      <Filter>Assets</Filter>
    </Text>
    <Text Include="cloud.txt">
      <Filter>Assets</Filter>
    </Text>
    <Text Include="coin.txt">
      <Filter>Assets</Filter>
    </Text>
    <Text Include="goomba.txt">
      <Filter>Assets</Filter>
    </Text>
    <Text Include="mario.txt">
      <Filter>Assets</Filter>
    </Text>
    <Text Include="scene01.txt">
      <Filter>Scenes\Playscene</Filter>
    </Text>
    <Text Include="scene02.txt">
      <Filter>Scenes\Playscene</Filter>
    </Text>
    <Text Include="scene0005.txt">
      <Filter>Scenes\Playscene</Filter>
    </Text>
    <Text Include="game-data.txt" />
    <Text Include="stage1.txt">
      <Filter>Scenes\Playscene</Filter>
    </Text>
    <Text Include="scene_mario_dev.txt">
      <Filter>Scenes\Playscene</Filter>
    </Text>
    <Text Include="question_block.txt">
      <Filter>Assets</Filter>
    </Text>
    <Text Include="pipe.txt">
      <Filter>Assets</Filter>
    </Text>
    <Text Include="stage1_assets.txt">
      <Filter>Assets</Filter>
    </Text>
    <Text Include="koopa.txt">
      <Filter>Assets</Filter>
    </Text>
    <Text Include="HUD.txt">
      <Filter>Assets</Filter>
    </Text>
    <Text Include="effect.txt">
      <Filter>Assets</Filter>
    </Text>
    <Text Include="world-scene.txt">
      <Filter>Scenes\WorldScene</Filter>
    </Text>
    <Text Include="world-scene-assets.txt">
      <Filter>Assets</Filter>
    </Text>
    <Text Include="power_up.txt">
      <Filter>Assets</Filter>
    </Text>
    <Text Include="stage2.txt">
      <Filter>Scenes\Playscene</Filter>
    </Text>
    <Text Include="stage2_assets.txt">
      <Filter>Assets</Filter>
    </Text>
    <Text Include="goalblock.txt">
      <Filter>Assets</Filter>
    </Text>
    <Text Include="goal.txt">
      <Filter>Assets</Filter>
    </Text>
    <Text Include="switch.txt">
      <Filter>Assets</Filter>
    </Text>
    <Text Include="piranha-fire.txt">
      <Filter>Assets</Filter>
    </Text>
    <Text Include="note_block.txt">
      <Filter>Assets</Filter>
    </Text>
    <Text Include="stage1_1.txt">
      <Filter>Scenes\Playscene</Filter>
    </Text>
    <Text Include="scene_mario_dev2.txt" />
    <Text Include="stage3_assets.txt">
      <Filter>Assets</Filter>
    </Text>
    <Text Include="stage3.txt">
      <Filter>Scenes\Playscene</Filter>
    </Text>
    <Text Include="boomerang-bro.txt">
      <Filter>Assets</Filter>
    </Text>
  </ItemGroup>
  <ItemGroup>
    <Image Include="textures\100_Mario.png">
      <Filter>Resources\Textures</Filter>
    </Image>
    <Image Include="textures\101_Mario_Origin.png">
      <Filter>Resources\Textures</Filter>
    </Image>
    <Image Include="textures\200_Enemies.png">
      <Filter>Resources\Textures</Filter>
    </Image>
    <Image Include="textures\300_Tilesets_StageTiles.png">
      <Filter>Resources\Textures</Filter>
    </Image>
    <Image Include="textures\400_Items.png">
      <Filter>Resources\Textures</Filter>
    </Image>
    <Image Include="textures\500_HUD.png">
      <Filter>Resources\Textures</Filter>
    </Image>
    <Image Include="textures\600_misc.png">
      <Filter>Resources\Textures</Filter>
    </Image>
    <Image Include="textures\700_WorldMaps.png">
      <Filter>Resources\Textures</Filter>
    </Image>
    <Image Include="textures\bbox.png">
      <Filter>Resources\Textures</Filter>
    </Image>
    <Image Include="textures\enemies.png">
      <Filter>Resources\Textures</Filter>
    </Image>
    <Image Include="textures\EnemiesBosses_Bosses.png">
      <Filter>Resources\Textures</Filter>
    </Image>
    <Image Include="textures\EnemiesBosses_Enemies.png">
      <Filter>Resources\Textures</Filter>
    </Image>
    <Image Include="mario.ico">
      <Filter>Resources\Textures</Filter>
    </Image>
    <Image Include="textures\mario.png">
      <Filter>Resources\Textures</Filter>
    </Image>
    <Image Include="textures\MiscellaneousItems_and_Objects.png">
      <Filter>Resources\Textures</Filter>
    </Image>
    <Image Include="textures\OtherBackgrounds_TitleScreen.png">
      <Filter>Resources\Textures</Filter>
    </Image>
    <Image Include="textures\PlayableCharacters_Mario&amp;Luigi.png">
      <Filter>Resources\Textures</Filter>
    </Image>
    <Image Include="textures\Stage1_1.png">
      <Filter>Resources\Textures</Filter>
    </Image>
    <Image Include="textures\Stage1_2.png">
      <Filter>Resources\Textures</Filter>
    </Image>
    <Image Include="textures\Stage1_3.png">
      <Filter>Resources\Textures</Filter>
    </Image>
    <Image Include="textures\Stage1_4.png">
      <Filter>Resources\Textures</Filter>
    </Image>
    <Image Include="textures\Stage1_5.png">
      <Filter>Resources\Textures</Filter>
    </Image>
    <Image Include="textures\Tilesets_MapTileset.png">
      <Filter>Resources\Textures</Filter>
    </Image>
    <Image Include="textures\Tilesets_MiscellaneousScreenTiles.png">
      <Filter>Resources\Textures</Filter>
    </Image>
    <Image Include="textures\Tilesets_StageTiles.png">
      <Filter>Resources\Textures</Filter>
    </Image>
    <Image Include="textures\WorldMaps_MapPopups.png">
      <Filter>Resources\Textures</Filter>
    </Image>
    <Image Include="textures\800_Goal.png">
      <Filter>Resources</Filter>
    </Image>
    <Image Include="textures\201_Enemies_Origin.png">
      <Filter>Resources\Textures</Filter>
    </Image>
  </ItemGroup>
  <ItemGroup>
    <Media Include="assets\sounds\bgm_stage1.mp3">
      <Filter>Resources\Sounds</Filter>
    </Media>
    <Media Include="assets\sounds\bgm_stage1.wav">
      <Filter>Resources\Sounds</Filter>
    </Media>
    <Media Include="assets\sounds\smb3_1-up.wav">
      <Filter>Resources\Sounds</Filter>
    </Media>
    <Media Include="assets\sounds\smb3_brick_break.wav">
      <Filter>Resources\Sounds</Filter>
    </Media>
    <Media Include="assets\sounds\smb3_bump.wav">
      <Filter>Resources\Sounds</Filter>
    </Media>
    <Media Include="assets\sounds\smb3_coin.wav">
      <Filter>Resources\Sounds</Filter>
    </Media>
    <Media Include="assets\sounds\smb3_inventory.wav">
      <Filter>Resources\Sounds</Filter>
    </Media>
    <Media Include="assets\sounds\smb3_jump.wav">
      <Filter>Resources\Sounds</Filter>
    </Media>
    <Media Include="assets\sounds\smb3_kick.wav">
      <Filter>Resources\Sounds</Filter>
    </Media>
    <Media Include="assets\sounds\smb3_level_clear.wav">
      <Filter>Resources\Sounds</Filter>
    </Media>
    <Media Include="assets\sounds\smb3_mushroom_appear.wav">
      <Filter>Resources\Sounds</Filter>
    </Media>
    <Media Include="assets\sounds\smb3_pipe.wav">
      <Filter>Resources\Sounds</Filter>
    </Media>
    <Media Include="assets\sounds\smb3_player_down.wav">
      <Filter>Resources\Sounds</Filter>
    </Media>
    <Media Include="assets\sounds\smb3_pmeter.wav">
      <Filter>Resources\Sounds</Filter>
    </Media>
    <Media Include="assets\sounds\smb3_power-up.wav">
      <Filter>Resources\Sounds</Filter>
    </Media>
    <Media Include="assets\sounds\smb3_raccoon_transform.wav">
      <Filter>Resources\Sounds</Filter>
    </Media>
    <Media Include="assets\sounds\smb3_skid.wav">
      <Filter>Resources\Sounds</Filter>
    </Media>
    <Media Include="assets\sounds\smb3_tail.wav">
      <Filter>Resources\Sounds</Filter>
    </Media>
  </ItemGroup>
</Project>